
Microsoft Visual Studio Solution File, Format Version 12.00
# Visual Studio Version 16
VisualStudioVersion = 16.0.34114.132
MinimumVisualStudioVersion = 10.0.40219.1
Project("{FAE04EC0-301F-11D3-BF4B-00C04F79EFBC}") = "MyTasks", "MyTasks\MyTasks.csproj", "{DF78343F-E746-4776-8219-BC8093147CB8}"
EndProject
Global
	GlobalSection(SolutionConfigurationPlatforms) = preSolution
		Debug|Any CPU = Debug|Any CPU
		Release|Any CPU = Release|Any CPU
	EndGlobalSection
	GlobalSection(ProjectConfigurationPlatforms) = postSolution
		{DF78343F-E746-4776-8219-BC8093147CB8}.Debug|Any CPU.ActiveCfg = Debug|Any CPU
		{DF78343F-E746-4776-8219-BC8093147CB8}.Debug|Any CPU.Build.0 = Debug|Any CPU
		{DF78343F-E746-4776-8219-BC8093147CB8}.Release|Any CPU.ActiveCfg = Release|Any CPU
		{DF78343F-E746-4776-8219-BC8093147CB8}.Release|Any CPU.Build.0 = Release|Any CPU
	EndGlobalSection
	GlobalSection(SolutionProperties) = preSolution
		HideSolutionNode = FALSE
	EndGlobalSection
	GlobalSection(ExtensibilityGlobals) = postSolution
		SolutionGuid = {97FC889A-31EF-4E83-8ABE-29DCF50F750B}
	EndGlobalSection
EndGlobal
